
Microsoft Visual Studio Solution File, Format Version 12.00
# Visual Studio Version 17
VisualStudioVersion = 17.1.32210.238
MinimumVisualStudioVersion = 10.0.40219.1
Project("{9A19103F-16F7-4668-BE54-9A1E7A4F7556}") = "CreditSuisse.Api", "CreditSuisse.Api\CreditSuisse.Api.csproj", "{8433C1D6-B131-49DF-B552-22E21076C639}"
EndProject
Project("{9A19103F-16F7-4668-BE54-9A1E7A4F7556}") = "CreditSuisse.Application", "CreditSuisse.Application\CreditSuisse.Application.csproj", "{EFC58B36-9BD8-4740-97FD-0C904B94054D}"
EndProject
Project("{9A19103F-16F7-4668-BE54-9A1E7A4F7556}") = "CreditSuisse.Domain", "CreditSuisse.Domain\CreditSuisse.Domain.csproj", "{A21FB73C-EE5D-4F2A-BA62-E3BD5B06E240}"
EndProject
Project("{9A19103F-16F7-4668-BE54-9A1E7A4F7556}") = "CreditSuisse.Data", "CreditSuisse.Data\CreditSuisse.Data.csproj", "{01C3CE1B-FC2D-4D3A-844B-4BF027F83627}"
EndProject
Project("{9A19103F-16F7-4668-BE54-9A1E7A4F7556}") = "CreditSuisse.IoC", "CreditSuisse.IoC\CreditSuisse.IoC.csproj", "{6F444B4C-740A-4264-AACF-0AC43F5EF9BC}"
EndProject
Project("{2150E333-8FDC-42A3-9474-1A3956D46DE8}") = "1 - Services", "1 - Services", "{14FCB235-33A2-4F4A-BD45-CC7CA96DE5BE}"
EndProject
Project("{2150E333-8FDC-42A3-9474-1A3956D46DE8}") = "2 - Application", "2 - Application", "{E136CB92-A6F8-49DE-BE0B-A85A94089832}"
EndProject
Project("{2150E333-8FDC-42A3-9474-1A3956D46DE8}") = "3 - Domain", "3 - Domain", "{0C158155-1D8F-4DE7-B1A1-F967FEE5523B}"
EndProject
Project("{2150E333-8FDC-42A3-9474-1A3956D46DE8}") = "4 - Infra", "4 - Infra", "{9D1FEB2F-FD5B-439E-AF9C-1FA1125FEA93}"
EndProject
Project("{2150E333-8FDC-42A3-9474-1A3956D46DE8}") = "4.1 - Data", "4.1 - Data", "{BFC752D4-D587-498E-889D-FA223E43B531}"
EndProject
Project("{2150E333-8FDC-42A3-9474-1A3956D46DE8}") = "4.2 - IoC", "4.2 - IoC", "{BE3C6949-8F44-4D44-9667-3EFD5979C92A}"
EndProject
Project("{2150E333-8FDC-42A3-9474-1A3956D46DE8}") = "0 - Presentation", "0 - Presentation", "{B31D9DCA-1658-49C4-8D8D-AFE87E490220}"
EndProject
Project("{9A19103F-16F7-4668-BE54-9A1E7A4F7556}") = "CreditSuisse.App", "CreditSuisse.App\CreditSuisse.App.csproj", "{1025B7FB-B12A-4C52-B10C-7DAE428740A8}"
EndProject
Project("{2150E333-8FDC-42A3-9474-1A3956D46DE8}") = "DataBase - BKP", "DataBase - BKP", "{BB2DC56B-B261-47FE-B81A-7FD178E4B0B1}"
	ProjectSection(SolutionItems) = preProject
		Database_BKP\CreditSuisseDB = Database_BKP\CreditSuisseDB
	EndProjectSection
EndProject
Global
	GlobalSection(SolutionConfigurationPlatforms) = preSolution
		Debug|Any CPU = Debug|Any CPU
		Release|Any CPU = Release|Any CPU
	EndGlobalSection
	GlobalSection(ProjectConfigurationPlatforms) = postSolution
		{8433C1D6-B131-49DF-B552-22E21076C639}.Debug|Any CPU.ActiveCfg = Debug|Any CPU
		{8433C1D6-B131-49DF-B552-22E21076C639}.Debug|Any CPU.Build.0 = Debug|Any CPU
		{8433C1D6-B131-49DF-B552-22E21076C639}.Release|Any CPU.ActiveCfg = Release|Any CPU
		{8433C1D6-B131-49DF-B552-22E21076C639}.Release|Any CPU.Build.0 = Release|Any CPU
		{EFC58B36-9BD8-4740-97FD-0C904B94054D}.Debug|Any CPU.ActiveCfg = Debug|Any CPU
		{EFC58B36-9BD8-4740-97FD-0C904B94054D}.Debug|Any CPU.Build.0 = Debug|Any CPU
		{EFC58B36-9BD8-4740-97FD-0C904B94054D}.Release|Any CPU.ActiveCfg = Release|Any CPU
		{EFC58B36-9BD8-4740-97FD-0C904B94054D}.Release|Any CPU.Build.0 = Release|Any CPU
		{A21FB73C-EE5D-4F2A-BA62-E3BD5B06E240}.Debug|Any CPU.ActiveCfg = Debug|Any CPU
		{A21FB73C-EE5D-4F2A-BA62-E3BD5B06E240}.Debug|Any CPU.Build.0 = Debug|Any CPU
		{A21FB73C-EE5D-4F2A-BA62-E3BD5B06E240}.Release|Any CPU.ActiveCfg = Release|Any CPU
		{A21FB73C-EE5D-4F2A-BA62-E3BD5B06E240}.Release|Any CPU.Build.0 = Release|Any CPU
		{01C3CE1B-FC2D-4D3A-844B-4BF027F83627}.Debug|Any CPU.ActiveCfg = Debug|Any CPU
		{01C3CE1B-FC2D-4D3A-844B-4BF027F83627}.Debug|Any CPU.Build.0 = Debug|Any CPU
		{01C3CE1B-FC2D-4D3A-844B-4BF027F83627}.Release|Any CPU.ActiveCfg = Release|Any CPU
		{01C3CE1B-FC2D-4D3A-844B-4BF027F83627}.Release|Any CPU.Build.0 = Release|Any CPU
		{6F444B4C-740A-4264-AACF-0AC43F5EF9BC}.Debug|Any CPU.ActiveCfg = Debug|Any CPU
		{6F444B4C-740A-4264-AACF-0AC43F5EF9BC}.Debug|Any CPU.Build.0 = Debug|Any CPU
		{6F444B4C-740A-4264-AACF-0AC43F5EF9BC}.Release|Any CPU.ActiveCfg = Release|Any CPU
		{6F444B4C-740A-4264-AACF-0AC43F5EF9BC}.Release|Any CPU.Build.0 = Release|Any CPU
		{1025B7FB-B12A-4C52-B10C-7DAE428740A8}.Debug|Any CPU.ActiveCfg = Debug|Any CPU
		{1025B7FB-B12A-4C52-B10C-7DAE428740A8}.Debug|Any CPU.Build.0 = Debug|Any CPU
		{1025B7FB-B12A-4C52-B10C-7DAE428740A8}.Release|Any CPU.ActiveCfg = Release|Any CPU
		{1025B7FB-B12A-4C52-B10C-7DAE428740A8}.Release|Any CPU.Build.0 = Release|Any CPU
	EndGlobalSection
	GlobalSection(SolutionProperties) = preSolution
		HideSolutionNode = FALSE
	EndGlobalSection
	GlobalSection(NestedProjects) = preSolution
		{8433C1D6-B131-49DF-B552-22E21076C639} = {14FCB235-33A2-4F4A-BD45-CC7CA96DE5BE}
		{EFC58B36-9BD8-4740-97FD-0C904B94054D} = {E136CB92-A6F8-49DE-BE0B-A85A94089832}
		{A21FB73C-EE5D-4F2A-BA62-E3BD5B06E240} = {0C158155-1D8F-4DE7-B1A1-F967FEE5523B}
		{01C3CE1B-FC2D-4D3A-844B-4BF027F83627} = {BFC752D4-D587-498E-889D-FA223E43B531}
		{6F444B4C-740A-4264-AACF-0AC43F5EF9BC} = {BE3C6949-8F44-4D44-9667-3EFD5979C92A}
		{BFC752D4-D587-498E-889D-FA223E43B531} = {9D1FEB2F-FD5B-439E-AF9C-1FA1125FEA93}
		{BE3C6949-8F44-4D44-9667-3EFD5979C92A} = {9D1FEB2F-FD5B-439E-AF9C-1FA1125FEA93}
		{1025B7FB-B12A-4C52-B10C-7DAE428740A8} = {B31D9DCA-1658-49C4-8D8D-AFE87E490220}
	EndGlobalSection
	GlobalSection(ExtensibilityGlobals) = postSolution
		SolutionGuid = {9F735A9A-CA50-4AFE-B3B5-8118BA9A9191}
	EndGlobalSection
EndGlobal
